
Microsoft Visual Studio Solution File, Format Version 12.00
# Visual Studio Version 16
VisualStudioVersion = 16.0.29411.138
MinimumVisualStudioVersion = 10.0.40219.1
Project("{2150E333-8FDC-42A3-9474-1A3956D46DE8}") = "CleanArch.Application", "CleanArch.Application", "{131D3144-00F8-46E3-8900-6D36743A3A71}"
EndProject
Project("{2150E333-8FDC-42A3-9474-1A3956D46DE8}") = "CleanArch.Domain", "CleanArch.Domain", "{B92A7FF0-99F1-4D1D-8D38-5F47B20723F8}"
EndProject
Project("{2150E333-8FDC-42A3-9474-1A3956D46DE8}") = "CleanArch.Infra.IOC", "CleanArch.Infra.IOC", "{F6D6470A-CFFF-4799-81E9-DB0AF360EAEA}"
EndProject
Project("{2150E333-8FDC-42A3-9474-1A3956D46DE8}") = "CleanArch.Infra.Data", "CleanArch.Infra.Data", "{86216F81-BD0D-4D8E-B7CE-8BB6996C637E}"
EndProject
Project("{2150E333-8FDC-42A3-9474-1A3956D46DE8}") = "CleanArch.Api", "CleanArch.Api", "{D5FF9D9E-9C94-4F98-A814-2DFF78110142}"
EndProject
Project("{FAE04EC0-301F-11D3-BF4B-00C04F79EFBC}") = "CleanArchCqrs.Api", "CleanArchCqrs.Api\CleanArchCqrs.Api.csproj", "{987E528E-9F8C-4B2B-A13A-5E164212C1A4}"
EndProject
Global
	GlobalSection(SolutionConfigurationPlatforms) = preSolution
		Debug|Any CPU = Debug|Any CPU
		Release|Any CPU = Release|Any CPU
	EndGlobalSection
	GlobalSection(ProjectConfigurationPlatforms) = postSolution
		{987E528E-9F8C-4B2B-A13A-5E164212C1A4}.Debug|Any CPU.ActiveCfg = Debug|Any CPU
		{987E528E-9F8C-4B2B-A13A-5E164212C1A4}.Debug|Any CPU.Build.0 = Debug|Any CPU
		{987E528E-9F8C-4B2B-A13A-5E164212C1A4}.Release|Any CPU.ActiveCfg = Release|Any CPU
		{987E528E-9F8C-4B2B-A13A-5E164212C1A4}.Release|Any CPU.Build.0 = Release|Any CPU
	EndGlobalSection
	GlobalSection(SolutionProperties) = preSolution
		HideSolutionNode = FALSE
	EndGlobalSection
	GlobalSection(NestedProjects) = preSolution
		{987E528E-9F8C-4B2B-A13A-5E164212C1A4} = {D5FF9D9E-9C94-4F98-A814-2DFF78110142}
	EndGlobalSection
	GlobalSection(ExtensibilityGlobals) = postSolution
		SolutionGuid = {4068FEFD-D90A-441D-AA14-75BFAD4022AA}
	EndGlobalSection
EndGlobal
